
Microsoft Visual Studio Solution File, Format Version 12.00
# Visual Studio Version 16
VisualStudioVersion = 16.0.29201.188
MinimumVisualStudioVersion = 10.0.40219.1
Project("{FAE04EC0-301F-11D3-BF4B-00C04F79EFBC}") = "EX9A", "EX9A\EX9A.csproj", "{40E20841-B731-4DBD-9635-344294B17089}"
EndProject
Global
	GlobalSection(SolutionConfigurationPlatforms) = preSolution
		Debug|Any CPU = Debug|Any CPU
		Release|Any CPU = Release|Any CPU
	EndGlobalSection
	GlobalSection(ProjectConfigurationPlatforms) = postSolution
		{40E20841-B731-4DBD-9635-344294B17089}.Debug|Any CPU.ActiveCfg = Debug|Any CPU
		{40E20841-B731-4DBD-9635-344294B17089}.Debug|Any CPU.Build.0 = Debug|Any CPU
		{40E20841-B731-4DBD-9635-344294B17089}.Release|Any CPU.ActiveCfg = Release|Any CPU
		{40E20841-B731-4DBD-9635-344294B17089}.Release|Any CPU.Build.0 = Release|Any CPU
	EndGlobalSection
	GlobalSection(SolutionProperties) = preSolution
		HideSolutionNode = FALSE
	EndGlobalSection
	GlobalSection(ExtensibilityGlobals) = postSolution
		SolutionGuid = {6146B34D-861C-4966-9B68-BF6ABDF1786E}
	EndGlobalSection
EndGlobal
